Microsoft Visual Studio Solution File, Format Version 12.00
# Visual Studio Version 17
VisualStudioVersion = 17.5.2.0
MinimumVisualStudioVersion = 10.0.40219.1
Project("{FAE04EC0-301F-11D3-BF4B-00C04F79EFBC}") = "2025-05-30-estruturas-de-dados-homogeneas-arrays-matrizes", "2025-05-30-estruturas-de-dados-homogeneas-arrays-matrizes.csproj", "{03D20023-FF3A-416F-32FF-48517B26BB85}"
EndProject
Global
	GlobalSection(SolutionConfigurationPlatforms) = preSolution
		Debug|Any CPU = Debug|Any CPU
		Release|Any CPU = Release|Any CPU
	EndGlobalSection
	GlobalSection(ProjectConfigurationPlatforms) = postSolution
		{03D20023-FF3A-416F-32FF-48517B26BB85}.Debug|Any CPU.ActiveCfg = Debug|Any CPU
		{03D20023-FF3A-416F-32FF-48517B26BB85}.Debug|Any CPU.Build.0 = Debug|Any CPU
		{03D20023-FF3A-416F-32FF-48517B26BB85}.Release|Any CPU.ActiveCfg = Release|Any CPU
		{03D20023-FF3A-416F-32FF-48517B26BB85}.Release|Any CPU.Build.0 = Release|Any CPU
	EndGlobalSection
	GlobalSection(SolutionProperties) = preSolution
		HideSolutionNode = FALSE
	EndGlobalSection
	GlobalSection(ExtensibilityGlobals) = postSolution
		SolutionGuid = {1AB8840F-2C0D-4E26-BFA5-6908EA458BF4}
	EndGlobalSection
EndGlobal
